
Microsoft Visual Studio Solution File, Format Version 12.00
# Visual Studio Version 16
VisualStudioVersion = 16.0.30104.148
MinimumVisualStudioVersion = 10.0.40219.1
Project("{FAE04EC0-301F-11D3-BF4B-00C04F79EFBC}") = "Business", "Business\Business.csproj", "{440AD5D3-069A-43F8-90CE-120FA22F36F3}"
EndProject
Project("{FAE04EC0-301F-11D3-BF4B-00C04F79EFBC}") = "DataAccess", "DataAccess\DataAccess.csproj", "{7D7980A5-78E2-4691-9599-23F22DC93DD8}"
EndProject
Project("{FAE04EC0-301F-11D3-BF4B-00C04F79EFBC}") = "Core", "Core\Core.csproj", "{0D9BB95B-4B98-4683-9079-96D457E23C3B}"
EndProject
Project("{FAE04EC0-301F-11D3-BF4B-00C04F79EFBC}") = "Entities", "Entities\Entities.csproj", "{E9684A6F-B898-4AAF-8056-C325CDBB19F3}"
EndProject
Project("{FAE04EC0-301F-11D3-BF4B-00C04F79EFBC}") = "WebAPI", "WebAPI\WebAPI.csproj", "{76E95346-16AA-42C5-B4D3-1AE0614689CC}"
EndProject
Global
	GlobalSection(SolutionConfigurationPlatforms) = preSolution
		Debug|Any CPU = Debug|Any CPU
		Release|Any CPU = Release|Any CPU
	EndGlobalSection
	GlobalSection(ProjectConfigurationPlatforms) = postSolution
		{440AD5D3-069A-43F8-90CE-120FA22F36F3}.Debug|Any CPU.ActiveCfg = Debug|Any CPU
		{440AD5D3-069A-43F8-90CE-120FA22F36F3}.Debug|Any CPU.Build.0 = Debug|Any CPU
		{440AD5D3-069A-43F8-90CE-120FA22F36F3}.Release|Any CPU.ActiveCfg = Release|Any CPU
		{440AD5D3-069A-43F8-90CE-120FA22F36F3}.Release|Any CPU.Build.0 = Release|Any CPU
		{7D7980A5-78E2-4691-9599-23F22DC93DD8}.Debug|Any CPU.ActiveCfg = Debug|Any CPU
		{7D7980A5-78E2-4691-9599-23F22DC93DD8}.Debug|Any CPU.Build.0 = Debug|Any CPU
		{7D7980A5-78E2-4691-9599-23F22DC93DD8}.Release|Any CPU.ActiveCfg = Release|Any CPU
		{7D7980A5-78E2-4691-9599-23F22DC93DD8}.Release|Any CPU.Build.0 = Release|Any CPU
		{0D9BB95B-4B98-4683-9079-96D457E23C3B}.Debug|Any CPU.ActiveCfg = Debug|Any CPU
		{0D9BB95B-4B98-4683-9079-96D457E23C3B}.Debug|Any CPU.Build.0 = Debug|Any CPU
		{0D9BB95B-4B98-4683-9079-96D457E23C3B}.Release|Any CPU.ActiveCfg = Release|Any CPU
		{0D9BB95B-4B98-4683-9079-96D457E23C3B}.Release|Any CPU.Build.0 = Release|Any CPU
		{E9684A6F-B898-4AAF-8056-C325CDBB19F3}.Debug|Any CPU.ActiveCfg = Debug|Any CPU
		{E9684A6F-B898-4AAF-8056-C325CDBB19F3}.Debug|Any CPU.Build.0 = Debug|Any CPU
		{E9684A6F-B898-4AAF-8056-C325CDBB19F3}.Release|Any CPU.ActiveCfg = Release|Any CPU
		{E9684A6F-B898-4AAF-8056-C325CDBB19F3}.Release|Any CPU.Build.0 = Release|Any CPU
		{76E95346-16AA-42C5-B4D3-1AE0614689CC}.Debug|Any CPU.ActiveCfg = Debug|Any CPU
		{76E95346-16AA-42C5-B4D3-1AE0614689CC}.Debug|Any CPU.Build.0 = Debug|Any CPU
		{76E95346-16AA-42C5-B4D3-1AE0614689CC}.Release|Any CPU.ActiveCfg = Release|Any CPU
		{76E95346-16AA-42C5-B4D3-1AE0614689CC}.Release|Any CPU.Build.0 = Release|Any CPU
	EndGlobalSection
	GlobalSection(SolutionProperties) = preSolution
		HideSolutionNode = FALSE
	EndGlobalSection
	GlobalSection(ExtensibilityGlobals) = postSolution
		SolutionGuid = {6EDFE68D-5C5D-44D0-982F-FBF19DBF6F7A}
	EndGlobalSection
EndGlobal
